
Microsoft Visual Studio Solution File, Format Version 12.00
# Visual Studio 15
VisualStudioVersion = 15.0.28307.489
MinimumVisualStudioVersion = 10.0.40219.1
Project("{FAE04EC0-301F-11D3-BF4B-00C04F79EFBC}") = "Proekt", "Proekt\Proekt.csproj", "{3C97B3E0-86B2-4CD8-8550-2B42CCEF4318}"
EndProject
Global
	GlobalSection(SolutionConfigurationPlatforms) = preSolution
		Debug|Any CPU = Debug|Any CPU
		Release|Any CPU = Release|Any CPU
	EndGlobalSection
	GlobalSection(ProjectConfigurationPlatforms) = postSolution
		{3C97B3E0-86B2-4CD8-8550-2B42CCEF4318}.Debug|Any CPU.ActiveCfg = Debug|Any CPU
		{3C97B3E0-86B2-4CD8-8550-2B42CCEF4318}.Debug|Any CPU.Build.0 = Debug|Any CPU
		{3C97B3E0-86B2-4CD8-8550-2B42CCEF4318}.Release|Any CPU.ActiveCfg = Release|Any CPU
		{3C97B3E0-86B2-4CD8-8550-2B42CCEF4318}.Release|Any CPU.Build.0 = Release|Any CPU
	EndGlobalSection
	GlobalSection(SolutionProperties) = preSolution
		HideSolutionNode = FALSE
	EndGlobalSection
	GlobalSection(ExtensibilityGlobals) = postSolution
		SolutionGuid = {31543E73-B5B3-40F2-880D-F06B7EE86D94}
	EndGlobalSection
EndGlobal
